
Microsoft Visual Studio Solution File, Format Version 12.00
# Visual Studio 15
Project("{FAE04EC0-301F-11D3-BF4B-00C04F79EFBC}") = "SocketIoClientDotNet", "SocketIoClientDotNet.csproj", "{1CB7C609-9379-4062-A02B-695B71D747D9}"
EndProject
Global
	GlobalSection(SolutionConfigurationPlatforms) = preSolution
		Debug|Any CPU = Debug|Any CPU
		Release|Any CPU = Release|Any CPU
	EndGlobalSection
	GlobalSection(ProjectConfigurationPlatforms) = postSolution
		{1CB7C609-9379-4062-A02B-695B71D747D9}.Debug|Any CPU.ActiveCfg = Debug|Any CPU
		{1CB7C609-9379-4062-A02B-695B71D747D9}.Debug|Any CPU.Build.0 = Debug|Any CPU
		{1CB7C609-9379-4062-A02B-695B71D747D9}.Release|Any CPU.ActiveCfg = Release|Any CPU
		{1CB7C609-9379-4062-A02B-695B71D747D9}.Release|Any CPU.Build.0 = Release|Any CPU
	EndGlobalSection
EndGlobal
